
Microsoft Visual Studio Solution File, Format Version 10.00
# Visual Studio 2008
Project("{2150E333-8FDC-42A3-9474-1A3956D46DE8}") = "Common", "Common", "{901D57AE-27A5-432A-A15C-E7387FBC5477}"
EndProject
Project("{2150E333-8FDC-42A3-9474-1A3956D46DE8}") = "EditingSuite", "EditingSuite", "{E48DE15C-A3C0-42A1-B2F9-1CF3D59FF105}"
EndProject
Project("{2150E333-8FDC-42A3-9474-1A3956D46DE8}") = "Base", "Base", "{BBCAE4A6-3BCB-4DE3-B43D-C25C89E7CC8C}"
EndProject
Project("{FAE04EC0-301F-11D3-BF4B-00C04F79EFBC}") = "WorldEditor", "WorldEditor\WorldEditor.csproj", "{C34BE60C-A762-4B6C-92E1-61CAB6688FC5}"
EndProject
Project("{FAE04EC0-301F-11D3-BF4B-00C04F79EFBC}") = "NetworkInterface", "NetworkInterface\NetworkInterface.csproj", "{90EF4E1C-6BF5-49F7-9056-5255C44D9FF0}"
EndProject
Project("{FAE04EC0-301F-11D3-BF4B-00C04F79EFBC}") = "CommonCode", "CommonCode\CommonCode.csproj", "{7452347B-B613-414E-B7F1-3BCF3C74B8D6}"
EndProject
Project("{FAE04EC0-301F-11D3-BF4B-00C04F79EFBC}") = "Client", "Client\Client.csproj", "{53FDDCBD-28F9-41B0-A286-678969C6F63B}"
EndProject
Project("{FAE04EC0-301F-11D3-BF4B-00C04F79EFBC}") = "Server", "Server\Server.csproj", "{D5853A5F-1519-4AF6-8AEC-ACA34C83FDAA}"
EndProject
Project("{FAE04EC0-301F-11D3-BF4B-00C04F79EFBC}") = "Engine", "Engine\Engine.csproj", "{C0B508BA-1196-4DA3-B031-B4049601F378}"
EndProject
Project("{FAE04EC0-301F-11D3-BF4B-00C04F79EFBC}") = "Synteza", "Synteza\Synteza.csproj", "{EEC4CEC6-F2B9-47CD-B5BD-A7B31D344B7C}"
EndProject
Global
	GlobalSection(SolutionConfigurationPlatforms) = preSolution
		Debug|x86 = Debug|x86
		Release|x86 = Release|x86
		Description = 
	EndGlobalSection
	GlobalSection(ProjectConfigurationPlatforms) = postSolution
		{C34BE60C-A762-4B6C-92E1-61CAB6688FC5}.Debug|x86.ActiveCfg = Debug|x86
		{C34BE60C-A762-4B6C-92E1-61CAB6688FC5}.Debug|x86.Build.0 = Debug|x86
		{C34BE60C-A762-4B6C-92E1-61CAB6688FC5}.Release|x86.ActiveCfg = Release|x86
		{C34BE60C-A762-4B6C-92E1-61CAB6688FC5}.Release|x86.Build.0 = Release|x86
		{90EF4E1C-6BF5-49F7-9056-5255C44D9FF0}.Debug|x86.ActiveCfg = Debug|x86
		{90EF4E1C-6BF5-49F7-9056-5255C44D9FF0}.Debug|x86.Build.0 = Debug|x86
		{90EF4E1C-6BF5-49F7-9056-5255C44D9FF0}.Release|x86.ActiveCfg = Release|x86
		{90EF4E1C-6BF5-49F7-9056-5255C44D9FF0}.Release|x86.Build.0 = Release|x86
		{7452347B-B613-414E-B7F1-3BCF3C74B8D6}.Debug|x86.ActiveCfg = Debug|x86
		{7452347B-B613-414E-B7F1-3BCF3C74B8D6}.Debug|x86.Build.0 = Debug|x86
		{7452347B-B613-414E-B7F1-3BCF3C74B8D6}.Release|x86.ActiveCfg = Release|x86
		{7452347B-B613-414E-B7F1-3BCF3C74B8D6}.Release|x86.Build.0 = Release|x86
		{53FDDCBD-28F9-41B0-A286-678969C6F63B}.Debug|x86.ActiveCfg = Debug|x86
		{53FDDCBD-28F9-41B0-A286-678969C6F63B}.Debug|x86.Build.0 = Debug|x86
		{53FDDCBD-28F9-41B0-A286-678969C6F63B}.Release|x86.ActiveCfg = Release|x86
		{53FDDCBD-28F9-41B0-A286-678969C6F63B}.Release|x86.Build.0 = Release|x86
		{D5853A5F-1519-4AF6-8AEC-ACA34C83FDAA}.Debug|x86.ActiveCfg = Debug|x86
		{D5853A5F-1519-4AF6-8AEC-ACA34C83FDAA}.Debug|x86.Build.0 = Debug|x86
		{D5853A5F-1519-4AF6-8AEC-ACA34C83FDAA}.Release|x86.ActiveCfg = Release|x86
		{D5853A5F-1519-4AF6-8AEC-ACA34C83FDAA}.Release|x86.Build.0 = Release|x86
		{C0B508BA-1196-4DA3-B031-B4049601F378}.Debug|x86.ActiveCfg = Debug|x86
		{C0B508BA-1196-4DA3-B031-B4049601F378}.Debug|x86.Build.0 = Debug|x86
		{C0B508BA-1196-4DA3-B031-B4049601F378}.Release|x86.ActiveCfg = Release|x86
		{C0B508BA-1196-4DA3-B031-B4049601F378}.Release|x86.Build.0 = Release|x86
		{EEC4CEC6-F2B9-47CD-B5BD-A7B31D344B7C}.Debug|x86.ActiveCfg = Debug|x86
		{EEC4CEC6-F2B9-47CD-B5BD-A7B31D344B7C}.Debug|x86.Build.0 = Debug|x86
		{EEC4CEC6-F2B9-47CD-B5BD-A7B31D344B7C}.Release|x86.ActiveCfg = Release|x86
		{EEC4CEC6-F2B9-47CD-B5BD-A7B31D344B7C}.Release|x86.Build.0 = Release|x86
	EndGlobalSection
	GlobalSection(SolutionProperties) = preSolution
		HideSolutionNode = FALSE
	EndGlobalSection
	GlobalSection(NestedProjects) = preSolution
		{90EF4E1C-6BF5-49F7-9056-5255C44D9FF0} = {901D57AE-27A5-432A-A15C-E7387FBC5477}
		{7452347B-B613-414E-B7F1-3BCF3C74B8D6} = {901D57AE-27A5-432A-A15C-E7387FBC5477}
		{C34BE60C-A762-4B6C-92E1-61CAB6688FC5} = {E48DE15C-A3C0-42A1-B2F9-1CF3D59FF105}
		{53FDDCBD-28F9-41B0-A286-678969C6F63B} = {BBCAE4A6-3BCB-4DE3-B43D-C25C89E7CC8C}
		{D5853A5F-1519-4AF6-8AEC-ACA34C83FDAA} = {BBCAE4A6-3BCB-4DE3-B43D-C25C89E7CC8C}
		{C0B508BA-1196-4DA3-B031-B4049601F378} = {BBCAE4A6-3BCB-4DE3-B43D-C25C89E7CC8C}
	EndGlobalSection
EndGlobal
